
Microsoft Visual Studio Solution File, Format Version 12.00
# Visual Studio Version 17
VisualStudioVersion = 17.2.32526.322
MinimumVisualStudioVersion = 10.0.40219.1
Project("{9A19103F-16F7-4668-BE54-9A1E7A4F7556}") = "Client", "Client.csproj", "{D4AB462E-ED81-4CD1-9219-8BAE29EFFA32}"
EndProject
Global
	GlobalSection(SolutionConfigurationPlatforms) = preSolution
		Debug|Any CPU = Debug|Any CPU
		Release|Any CPU = Release|Any CPU
	EndGlobalSection
	GlobalSection(ProjectConfigurationPlatforms) = postSolution
		{D4AB462E-ED81-4CD1-9219-8BAE29EFFA32}.Debug|Any CPU.ActiveCfg = Debug|Any CPU
		{D4AB462E-ED81-4CD1-9219-8BAE29EFFA32}.Debug|Any CPU.Build.0 = Debug|Any CPU
		{D4AB462E-ED81-4CD1-9219-8BAE29EFFA32}.Release|Any CPU.ActiveCfg = Release|Any CPU
		{D4AB462E-ED81-4CD1-9219-8BAE29EFFA32}.Release|Any CPU.Build.0 = Release|Any CPU
	EndGlobalSection
	GlobalSection(SolutionProperties) = preSolution
		HideSolutionNode = FALSE
	EndGlobalSection
	GlobalSection(ExtensibilityGlobals) = postSolution
		SolutionGuid = {7F74D889-724E-4BA8-A65E-6C189A90C366}
	EndGlobalSection
EndGlobal
