
Microsoft Visual Studio Solution File, Format Version 12.00
# Visual Studio Version 17
VisualStudioVersion = 17.2.32526.322
MinimumVisualStudioVersion = 10.0.40219.1
Project("{FAE04EC0-301F-11D3-BF4B-00C04F79EFBC}") = "GrpcService", "GrpcService\GrpcService.csproj", "{48F0A626-F2D6-4EAD-98A6-67BFE617981E}"
EndProject
Global
	GlobalSection(SolutionConfigurationPlatforms) = preSolution
		Debug|Any CPU = Debug|Any CPU
		Release|Any CPU = Release|Any CPU
	EndGlobalSection
	GlobalSection(ProjectConfigurationPlatforms) = postSolution
		{48F0A626-F2D6-4EAD-98A6-67BFE617981E}.Debug|Any CPU.ActiveCfg = Debug|Any CPU
		{48F0A626-F2D6-4EAD-98A6-67BFE617981E}.Debug|Any CPU.Build.0 = Debug|Any CPU
		{48F0A626-F2D6-4EAD-98A6-67BFE617981E}.Release|Any CPU.ActiveCfg = Release|Any CPU
		{48F0A626-F2D6-4EAD-98A6-67BFE617981E}.Release|Any CPU.Build.0 = Release|Any CPU
	EndGlobalSection
	GlobalSection(SolutionProperties) = preSolution
		HideSolutionNode = FALSE
	EndGlobalSection
	GlobalSection(ExtensibilityGlobals) = postSolution
		SolutionGuid = {7FD07364-46D1-4740-A9DB-5CAA024E848A}
	EndGlobalSection
EndGlobal
